// !$*UTF8*$!
{
	archiveVersion = 1;
	classes = {
	};
	objectVersion = 77;
	objects = {

/* Begin PBXContainerItemProxy section */
		B77FF8C02D32C51C006F9669 /* PBXContainerItemProxy */ = {
			isa = PBXContainerItemProxy;
			containerPortal = B77FF8A72D32C51B006F9669 /* Project object */;
			proxyType = 1;
			remoteGlobalIDString = B77FF8AE2D32C51B006F9669;
			remoteInfo = SwiftTanks;
		};
		B77FF8CA2D32C51C006F9669 /* PBXContainerItemProxy */ = {
			isa = PBXContainerItemProxy;
			containerPortal = B77FF8A72D32C51B006F9669 /* Project object */;
			proxyType = 1;
			remoteGlobalIDString = B77FF8AE2D32C51B006F9669;
			remoteInfo = SwiftTanks;
		};
/* End PBXContainerItemProxy section */

/* Begin PBXFileReference section */
		B77FF8AF2D32C51B006F9669 /* SwiftTanks.app */ = {isa = PBXFileReference; explicitFileType = wrapper.application; includeInIndex = 0; path = SwiftTanks.app; sourceTree = BUILT_PRODUCTS_DIR; };
		B77FF8BF2D32C51C006F9669 /* SwiftTanksTests.xctest */ = {isa = PBXFileReference; explicitFileType = wrapper.cfbundle; includeInIndex = 0; path = SwiftTanksTests.xctest; sourceTree = BUILT_PRODUCTS_DIR; };
		B77FF8C92D32C51C006F9669 /* SwiftTanksUITests.xctest */ = {isa = PBXFileReference; explicitFileType = wrapper.cfbundle; includeInIndex = 0; path = SwiftTanksUITests.xctest; sourceTree = BUILT_PRODUCTS_DIR; };
/* End PBXFileReference section */

/* Begin PBXFileSystemSynchronizedRootGroup section */
		B77FF8B12D32C51B006F9669 /* SwiftTanks */ = {
			isa = PBXFileSystemSynchronizedRootGroup;
			path = SwiftTanks;
			sourceTree = "<group>";
		};
		B77FF8C22D32C51C006F9669 /* SwiftTanksTests */ = {
			isa = PBXFileSystemSynchronizedRootGroup;
			path = SwiftTanksTests;
			sourceTree = "<group>";
		};
		B77FF8CC2D32C51C006F9669 /* SwiftTanksUITests */ = {
			isa = PBXFileSystemSynchronizedRootGroup;
			path = SwiftTanksUITests;
			sourceTree = "<group>";
		};
/* End PBXFileSystemSynchronizedRootGroup section */

/* Begin PBXFrameworksBuildPhase section */
		B77FF8AC2D32C51B006F9669 /* Frameworks */ = {
			isa = PBXFrameworksBuildPhase;
			buildActionMask = 2147483647;
			files = (
			);
			runOnlyForDeploymentPostprocessing = 0;
		};
		B77FF8BC2D32C51C006F9669 /* Frameworks */ = {
			isa = PBXFrameworksBuildPhase;
			buildActionMask = 2147483647;
			files = (
			);
			runOnlyForDeploymentPostprocessing = 0;
		};
		B77FF8C62D32C51C006F9669 /* Frameworks */ = {
			isa = PBXFrameworksBuildPhase;
			buildActionMask = 2147483647;
			files = (
			);
			runOnlyForDeploymentPostprocessing = 0;
		};
/* End PBXFrameworksBuildPhase section */

/* Begin PBXGroup section */
		B77FF8A62D32C51B006F9669 = {
			isa = PBXGroup;
			children = (
				B77FF8B12D32C51B006F9669 /* SwiftTanks */,
				B77FF8C22D32C51C006F9669 /* SwiftTanksTests */,
				B77FF8CC2D32C51C006F9669 /* SwiftTanksUITests */,
				B77FF8B02D32C51B006F9669 /* Products */,
			);
			sourceTree = "<group>";
		};
		B77FF8B02D32C51B006F9669 /* Products */ = {
			isa = PBXGroup;
			children = (
				B77FF8AF2D32C51B006F9669 /* SwiftTanks.app */,
				B77FF8BF2D32C51C006F9669 /* SwiftTanksTests.xctest */,
				B77FF8C92D32C51C006F9669 /* SwiftTanksUITests.xctest */,
			);
			name = Products;
			sourceTree = "<group>";
		};
/* End PBXGroup section */

/* Begin PBXNativeTarget section */
		B77FF8AE2D32C51B006F9669 /* SwiftTanks */ = {
			isa = PBXNativeTarget;
			buildConfigurationList = B77FF8D32D32C51C006F9669 /* Build configuration list for PBXNativeTarget "SwiftTanks" */;
			buildPhases = (
				B77FF8AB2D32C51B006F9669 /* Sources */,
				B77FF8AC2D32C51B006F9669 /* Frameworks */,
				B77FF8AD2D32C51B006F9669 /* Resources */,
			);
			buildRules = (
			);
			dependencies = (
			);
			fileSystemSynchronizedGroups = (
				B77FF8B12D32C51B006F9669 /* SwiftTanks */,
			);
			name = SwiftTanks;
			packageProductDependencies = (
			);
			productName = SwiftTanks;
			productReference = B77FF8AF2D32C51B006F9669 /* SwiftTanks.app */;
			productType = "com.apple.product-type.application";
		};
		B77FF8BE2D32C51C006F9669 /* SwiftTanksTests */ = {
			isa = PBXNativeTarget;
			buildConfigurationList = B77FF8D62D32C51C006F9669 /* Build configuration list for PBXNativeTarget "SwiftTanksTests" */;
			buildPhases = (
				B77FF8BB2D32C51C006F9669 /* Sources */,
				B77FF8BC2D32C51C006F9669 /* Frameworks */,
				B77FF8BD2D32C51C006F9669 /* Resources */,
			);
			buildRules = (
			);
			dependencies = (
				B77FF8C12D32C51C006F9669 /* PBXTargetDependency */,
			);
			fileSystemSynchronizedGroups = (
				B77FF8C22D32C51C006F9669 /* SwiftTanksTests */,
			);
			name = SwiftTanksTests;
			packageProductDependencies = (
			);
			productName = SwiftTanksTests;
			productReference = B77FF8BF2D32C51C006F9669 /* SwiftTanksTests.xctest */;
			productType = "com.apple.product-type.bundle.unit-test";
		};
		B77FF8C82D32C51C006F9669 /* SwiftTanksUITests */ = {
			isa = PBXNativeTarget;
			buildConfigurationList = B77FF8D92D32C51C006F9669 /* Build configuration list for PBXNativeTarget "SwiftTanksUITests" */;
			buildPhases = (
				B77FF8C52D32C51C006F9669 /* Sources */,
				B77FF8C62D32C51C006F9669 /* Frameworks */,
				B77FF8C72D32C51C006F9669 /* Resources */,
			);
			buildRules = (
			);
			dependencies = (
				B77FF8CB2D32C51C006F9669 /* PBXTargetDependency */,
			);
			fileSystemSynchronizedGroups = (
				B77FF8CC2D32C51C006F9669 /* SwiftTanksUITests */,
			);
			name = SwiftTanksUITests;
			packageProductDependencies = (
			);
			productName = SwiftTanksUITests;
			productReference = B77FF8C92D32C51C006F9669 /* SwiftTanksUITests.xctest */;
			productType = "com.apple.product-type.bundle.ui-testing";
		};
/* End PBXNativeTarget section */

/* Begin PBXProject section */
		B77FF8A72D32C51B006F9669 /* Project object */ = {
			isa = PBXProject;
			attributes = {
				BuildIndependentTargetsInParallel = 1;
				LastSwiftUpdateCheck = 1620;
				LastUpgradeCheck = 1620;
				TargetAttributes = {
					B77FF8AE2D32C51B006F9669 = {
						CreatedOnToolsVersion = 16.2;
					};
					B77FF8BE2D32C51C006F9669 = {
						CreatedOnToolsVersion = 16.2;
						TestTargetID = B77FF8AE2D32C51B006F9669;
					};
					B77FF8C82D32C51C006F9669 = {
						CreatedOnToolsVersion = 16.2;
						TestTargetID = B77FF8AE2D32C51B006F9669;
					};
				};
			};
			buildConfigurationList = B77FF8AA2D32C51B006F9669 /* Build configuration list for PBXProject "SwiftTanks" */;
			developmentRegion = en;
			hasScannedForEncodings = 0;
			knownRegions = (
				en,
				Base,
			);
			mainGroup = B77FF8A62D32C51B006F9669;
			minimizedProjectReferenceProxies = 1;
			preferredProjectObjectVersion = 77;
			productRefGroup = B77FF8B02D32C51B006F9669 /* Products */;
			projectDirPath = "";
			projectRoot = "";
			targets = (
				B77FF8AE2D32C51B006F9669 /* SwiftTanks */,
				B77FF8BE2D32C51C006F9669 /* SwiftTanksTests */,
				B77FF8C82D32C51C006F9669 /* SwiftTanksUITests */,
			);
		};
/* End PBXProject section */

/* Begin PBXResourcesBuildPhase section */
		B77FF8AD2D32C51B006F9669 /* Resources */ = {
			isa = PBXResourcesBuildPhase;
			buildActionMask = 2147483647;
			files = (
			);
			runOnlyForDeploymentPostprocessing = 0;
		};
		B77FF8BD2D32C51C006F9669 /* Resources */ = {
			isa = PBXResourcesBuildPhase;
			buildActionMask = 2147483647;
			files = (
			);
			runOnlyForDeploymentPostprocessing = 0;
		};
		B77FF8C72D32C51C006F9669 /* Resources */ = {
			isa = PBXResourcesBuildPhase;
			buildActionMask = 2147483647;
			files = (
			);
			runOnlyForDeploymentPostprocessing = 0;
		};
/* End PBXResourcesBuildPhase section */

/* Begin PBXSourcesBuildPhase section */
		B77FF8AB2D32C51B006F9669 /* Sources */ = {
			isa = PBXSourcesBuildPhase;
			buildActionMask = 2147483647;
			files = (
			);
			runOnlyForDeploymentPostprocessing = 0;
		};
		B77FF8BB2D32C51C006F9669 /* Sources */ = {
			isa = PBXSourcesBuildPhase;
			buildActionMask = 2147483647;
			files = (
			);
			runOnlyForDeploymentPostprocessing = 0;
		};
		B77FF8C52D32C51C006F9669 /* Sources */ = {
			isa = PBXSourcesBuildPhase;
			buildActionMask = 2147483647;
			files = (
			);
			runOnlyForDeploymentPostprocessing = 0;
		};
/* End PBXSourcesBuildPhase section */

/* Begin PBXTargetDependency section */
		B77FF8C12D32C51C006F9669 /* PBXTargetDependency */ = {
			isa = PBXTargetDependency;
			target = B77FF8AE2D32C51B006F9669 /* SwiftTanks */;
			targetProxy = B77FF8C02D32C51C006F9669 /* PBXContainerItemProxy */;
		};
		B77FF8CB2D32C51C006F9669 /* PBXTargetDependency */ = {
			isa = PBXTargetDependency;
			target = B77FF8AE2D32C51B006F9669 /* SwiftTanks */;
			targetProxy = B77FF8CA2D32C51C006F9669 /* PBXContainerItemProxy */;
		};
/* End PBXTargetDependency section */

/* Begin XCBuildConfiguration section */
		B77FF8D12D32C51C006F9669 /* Debug */ = {
			isa = XCBuildConfiguration;
			buildSettings = {
				ALWAYS_SEARCH_USER_PATHS = NO;
				ASSETCATALOG_COMPILER_GENERATE_SWIFT_ASSET_SYMBOL_EXTENSIONS = YES;
				CLANG_ANALYZER_NONNULL = YES;
				CLANG_ANALYZER_NUMBER_OBJECT_CONVERSION = YES_AGGRESSIVE;
				CLANG_CXX_LANGUAGE_STANDARD = "gnu++20";
				CLANG_ENABLE_MODULES = YES;
				CLANG_ENABLE_OBJC_ARC = YES;
				CLANG_ENABLE_OBJC_WEAK = YES;
				CLANG_WARN_BLOCK_CAPTURE_AUTORELEASING = YES;
				CLANG_WARN_BOOL_CONVERSION = YES;
				CLANG_WARN_COMMA = YES;
				CLANG_WARN_CONSTANT_CONVERSION = YES;
				CLANG_WARN_DEPRECATED_OBJC_IMPLEMENTATIONS = YES;
				CLANG_WARN_DIRECT_OBJC_ISA_USAGE = YES_ERROR;
				CLANG_WARN_DOCUMENTATION_COMMENTS = YES;
				CLANG_WARN_EMPTY_BODY = YES;
				CLANG_WARN_ENUM_CONVERSION = YES;
				CLANG_WARN_INFINITE_RECURSION = YES;
				CLANG_WARN_INT_CONVERSION = YES;
				CLANG_WARN_NON_LITERAL_NULL_CONVERSION = YES;
				CLANG_WARN_OBJC_IMPLICIT_RETAIN_SELF = YES;
				CLANG_WARN_OBJC_LITERAL_CONVERSION = YES;
				CLANG_WARN_OBJC_ROOT_CLASS = YES_ERROR;
				CLANG_WARN_QUOTED_INCLUDE_IN_FRAMEWORK_HEADER = YES;
				CLANG_WARN_RANGE_LOOP_ANALYSIS = YES;
				CLANG_WARN_STRICT_PROTOTYPES = YES;
				CLANG_WARN_SUSPICIOUS_MOVE = YES;
				CLANG_WARN_UNGUARDED_AVAILABILITY = YES_AGGRESSIVE;
				CLANG_WARN_UNREACHABLE_CODE = YES;
				CLANG_WARN__DUPLICATE_METHOD_MATCH = YES;
				COPY_PHASE_STRIP = NO;
				DEBUG_INFORMATION_FORMAT = dwarf;
				ENABLE_STRICT_OBJC_MSGSEND = YES;
				ENABLE_TESTABILITY = YES;
				ENABLE_USER_SCRIPT_SANDBOXING = YES;
				GCC_C_LANGUAGE_STANDARD = gnu17;
				GCC_DYNAMIC_NO_PIC = NO;
				GCC_NO_COMMON_BLOCKS = YES;
				GCC_OPTIMIZATION_LEVEL = 0;
				GCC_PREPROCESSOR_DEFINITIONS = (
					"DEBUG=1",
					"$(inherited)",
				);
				GCC_WARN_64_TO_32_BIT_CONVERSION = YES;
				GCC_WARN_ABOUT_RETURN_TYPE = YES_ERROR;
				GCC_WARN_UNDECLARED_SELECTOR = YES;
				GCC_WARN_UNINITIALIZED_AUTOS = YES_AGGRESSIVE;
				GCC_WARN_UNUSED_FUNCTION = YES;
				GCC_WARN_UNUSED_VARIABLE = YES;
				IPHONEOS_DEPLOYMENT_TARGET = 18.2;
				LOCALIZATION_PREFERS_STRING_CATALOGS = YES;
				MTL_ENABLE_DEBUG_INFO = INCLUDE_SOURCE;
				MTL_FAST_MATH = YES;
				ONLY_ACTIVE_ARCH = YES;
				SDKROOT = iphoneos;
				SWIFT_ACTIVE_COMPILATION_CONDITIONS = "DEBUG $(inherited)";
				SWIFT_OPTIMIZATION_LEVEL = "-Onone";
			};
			name = Debug;
		};
		B77FF8D22D32C51C006F9669 /* Release */ = {
			isa = XCBuildConfiguration;
			buildSettings = {
				ALWAYS_SEARCH_USER_PATHS = NO;
				ASSETCATALOG_COMPILER_GENERATE_SWIFT_ASSET_SYMBOL_EXTENSIONS = YES;
				CLANG_ANALYZER_NONNULL = YES;
				CLANG_ANALYZER_NUMBER_OBJECT_CONVERSION = YES_AGGRESSIVE;
				CLANG_CXX_LANGUAGE_STANDARD = "gnu++20";
				CLANG_ENABLE_MODULES = YES;
				CLANG_ENABLE_OBJC_ARC = YES;
				CLANG_ENABLE_OBJC_WEAK = YES;
				CLANG_WARN_BLOCK_CAPTURE_AUTORELEASING = YES;
				CLANG_WARN_BOOL_CONVERSION = YES;
				CLANG_WARN_COMMA = YES;
				CLANG_WARN_CONSTANT_CONVERSION = YES;
				CLANG_WARN_DEPRECATED_OBJC_IMPLEMENTATIONS = YES;
				CLANG_WARN_DIRECT_OBJC_ISA_USAGE = YES_ERROR;
				CLANG_WARN_DOCUMENTATION_COMMENTS = YES;
				CLANG_WARN_EMPTY_BODY = YES;
				CLANG_WARN_ENUM_CONVERSION = YES;
				CLANG_WARN_INFINITE_RECURSION = YES;
				CLANG_WARN_INT_CONVERSION = YES;
				CLANG_WARN_NON_LITERAL_NULL_CONVERSION = YES;
				CLANG_WARN_OBJC_IMPLICIT_RETAIN_SELF = YES;
				CLANG_WARN_OBJC_LITERAL_CONVERSION = YES;
				CLANG_WARN_OBJC_ROOT_CLASS = YES_ERROR;
				CLANG_WARN_QUOTED_INCLUDE_IN_FRAMEWORK_HEADER = YES;
				CLANG_WARN_RANGE_LOOP_ANALYSIS = YES;
				CLANG_WARN_STRICT_PROTOTYPES = YES;
				CLANG_WARN_SUSPICIOUS_MOVE = YES;
				CLANG_WARN_UNGUARDED_AVAILABILITY = YES_AGGRESSIVE;
				CLANG_WARN_UNREACHABLE_CODE = YES;
				CLANG_WARN__DUPLICATE_METHOD_MATCH = YES;
				COPY_PHASE_STRIP = NO;
				DEBUG_INFORMATION_FORMAT = "dwarf-with-dsym";
				ENABLE_NS_ASSERTIONS = NO;
				ENABLE_STRICT_OBJC_MSGSEND = YES;
				ENABLE_USER_SCRIPT_SANDBOXING = YES;
				GCC_C_LANGUAGE_STANDARD = gnu17;
				GCC_NO_COMMON_BLOCKS = YES;
				GCC_WARN_64_TO_32_BIT_CONVERSION = YES;
				GCC_WARN_ABOUT_RETURN_TYPE = YES_ERROR;
				GCC_WARN_UNDECLARED_SELECTOR = YES;
				GCC_WARN_UNINITIALIZED_AUTOS = YES_AGGRESSIVE;
				GCC_WARN_UNUSED_FUNCTION = YES;
				GCC_WARN_UNUSED_VARIABLE = YES;
				IPHONEOS_DEPLOYMENT_TARGET = 18.2;
				LOCALIZATION_PREFERS_STRING_CATALOGS = YES;
				MTL_ENABLE_DEBUG_INFO = NO;
				MTL_FAST_MATH = YES;
				SDKROOT = iphoneos;
				SWIFT_COMPILATION_MODE = wholemodule;
				VALIDATE_PRODUCT = YES;
			};
			name = Release;
		};
		B77FF8D42D32C51C006F9669 /* Debug */ = {
			isa = XCBuildConfiguration;
			buildSettings = {
				ASSETCATALOG_COMPILER_APPICON_NAME = AppIcon;
				ASSETCATALOG_COMPILER_GLOBAL_ACCENT_COLOR_NAME = AccentColor;
				CODE_SIGN_STYLE = Automatic;
				CURRENT_PROJECT_VERSION = 1;
				DEVELOPMENT_ASSET_PATHS = "\"SwiftTanks/Preview Content\"";
				DEVELOPMENT_TEAM = 78XPQ2UGLY;
				ENABLE_PREVIEWS = YES;
				GENERATE_INFOPLIST_FILE = YES;
				INFOPLIST_KEY_UIApplicationSceneManifest_Generation = YES;
				INFOPLIST_KEY_UIApplicationSupportsIndirectInputEvents = YES;
				INFOPLIST_KEY_UILaunchScreen_Generation = YES;
				INFOPLIST_KEY_UISupportedInterfaceOrientations_iPad = "UIInterfaceOrientationPortrait UIInterfaceOrientationPortraitUpsideDown UIInterfaceOrientationLandscapeLeft UIInterfaceOrientationLandscapeRight";
				INFOPLIST_KEY_UISupportedInterfaceOrientations_iPhone = "UIInterfaceOrientationPortrait UIInterfaceOrientationLandscapeLeft UIInterfaceOrientationLandscapeRight";
				LD_RUNPATH_SEARCH_PATHS = (
					"$(inherited)",
					"@executable_path/Frameworks",
				);
				MARKETING_VERSION = 1.0;
				PRODUCT_BUNDLE_IDENTIFIER = Babel.SwiftTanks;
				PRODUCT_NAME = "$(TARGET_NAME)";
				SWIFT_EMIT_LOC_STRINGS = YES;
				SWIFT_VERSION = 5.0;
				TARGETED_DEVICE_FAMILY = "1,2";
			};
			name = Debug;
		};
		B77FF8D52D32C51C006F9669 /* Release */ = {
			isa = XCBuildConfiguration;
			buildSettings = {
				ASSETCATALOG_COMPILER_APPICON_NAME = AppIcon;
				ASSETCATALOG_COMPILER_GLOBAL_ACCENT_COLOR_NAME = AccentColor;
				CODE_SIGN_STYLE = Automatic;
				CURRENT_PROJECT_VERSION = 1;
				DEVELOPMENT_ASSET_PATHS = "\"SwiftTanks/Preview Content\"";
				DEVELOPMENT_TEAM = 78XPQ2UGLY;
				ENABLE_PREVIEWS = YES;
				GENERATE_INFOPLIST_FILE = YES;
				INFOPLIST_KEY_UIApplicationSceneManifest_Generation = YES;
				INFOPLIST_KEY_UIApplicationSupportsIndirectInputEvents = YES;
				INFOPLIST_KEY_UILaunchScreen_Generation = YES;
				INFOPLIST_KEY_UISupportedInterfaceOrientations_iPad = "UIInterfaceOrientationPortrait UIInterfaceOrientationPortraitUpsideDown UIInterfaceOrientationLandscapeLeft UIInterfaceOrientationLandscapeRight";
				INFOPLIST_KEY_UISupportedInterfaceOrientations_iPhone = "UIInterfaceOrientationPortrait UIInterfaceOrientationLandscapeLeft UIInterfaceOrientationLandscapeRight";
				LD_RUNPATH_SEARCH_PATHS = (
					"$(inherited)",
					"@executable_path/Frameworks",
				);
				MARKETING_VERSION = 1.0;
				PRODUCT_BUNDLE_IDENTIFIER = Babel.SwiftTanks;
				PRODUCT_NAME = "$(TARGET_NAME)";
				SWIFT_EMIT_LOC_STRINGS = YES;
				SWIFT_VERSION = 5.0;
				TARGETED_DEVICE_FAMILY = "1,2";
			};
			name = Release;
		};
		B77FF8D72D32C51C006F9669 /* Debug */ = {
			isa = XCBuildConfiguration;
			buildSettings = {
				BUNDLE_LOADER = "$(TEST_HOST)";
				CODE_SIGN_STYLE = Automatic;
				CURRENT_PROJECT_VERSION = 1;
				DEVELOPMENT_TEAM = 78XPQ2UGLY;
				GENERATE_INFOPLIST_FILE = YES;
				IPHONEOS_DEPLOYMENT_TARGET = 18.2;
				MARKETING_VERSION = 1.0;
				PRODUCT_BUNDLE_IDENTIFIER = Babel.SwiftTanksTests;
				PRODUCT_NAME = "$(TARGET_NAME)";
				SWIFT_EMIT_LOC_STRINGS = NO;
				SWIFT_VERSION = 5.0;
				TARGETED_DEVICE_FAMILY = "1,2";
				TEST_HOST = "$(BUILT_PRODUCTS_DIR)/SwiftTanks.app/$(BUNDLE_EXECUTABLE_FOLDER_PATH)/SwiftTanks";
			};
			name = Debug;
		};
		B77FF8D82D32C51C006F9669 /* Release */ = {
			isa = XCBuildConfiguration;
			buildSettings = {
				BUNDLE_LOADER = "$(TEST_HOST)";
				CODE_SIGN_STYLE = Automatic;
				CURRENT_PROJECT_VERSION = 1;
				DEVELOPMENT_TEAM = 78XPQ2UGLY;
				GENERATE_INFOPLIST_FILE = YES;
				IPHONEOS_DEPLOYMENT_TARGET = 18.2;
				MARKETING_VERSION = 1.0;
				PRODUCT_BUNDLE_IDENTIFIER = Babel.SwiftTanksTests;
				PRODUCT_NAME = "$(TARGET_NAME)";
				SWIFT_EMIT_LOC_STRINGS = NO;
				SWIFT_VERSION = 5.0;
				TARGETED_DEVICE_FAMILY = "1,2";
				TEST_HOST = "$(BUILT_PRODUCTS_DIR)/SwiftTanks.app/$(BUNDLE_EXECUTABLE_FOLDER_PATH)/SwiftTanks";
			};
			name = Release;
		};
		B77FF8DA2D32C51C006F9669 /* Debug */ = {
			isa = XCBuildConfiguration;
			buildSettings = {
				CODE_SIGN_STYLE = Automatic;
				CURRENT_PROJECT_VERSION = 1;
				DEVELOPMENT_TEAM = 78XPQ2UGLY;
				GENERATE_INFOPLIST_FILE = YES;
				MARKETING_VERSION = 1.0;
				PRODUCT_BUNDLE_IDENTIFIER = Babel.SwiftTanksUITests;
				PRODUCT_NAME = "$(TARGET_NAME)";
				SWIFT_EMIT_LOC_STRINGS = NO;
				SWIFT_VERSION = 5.0;
				TARGETED_DEVICE_FAMILY = "1,2";
				TEST_TARGET_NAME = SwiftTanks;
			};
			name = Debug;
		};
		B77FF8DB2D32C51C006F9669 /* Release */ = {
			isa = XCBuildConfiguration;
			buildSettings = {
				CODE_SIGN_STYLE = Automatic;
				CURRENT_PROJECT_VERSION = 1;
				DEVELOPMENT_TEAM = 78XPQ2UGLY;
				GENERATE_INFOPLIST_FILE = YES;
				MARKETING_VERSION = 1.0;
				PRODUCT_BUNDLE_IDENTIFIER = Babel.SwiftTanksUITests;
				PRODUCT_NAME = "$(TARGET_NAME)";
				SWIFT_EMIT_LOC_STRINGS = NO;
				SWIFT_VERSION = 5.0;
				TARGETED_DEVICE_FAMILY = "1,2";
				TEST_TARGET_NAME = SwiftTanks;
			};
			name = Release;
		};
/* End XCBuildConfiguration section */

/* Begin XCConfigurationList section */
		B77FF8AA2D32C51B006F9669 /* Build configuration list for PBXProject "SwiftTanks" */ = {
			isa = XCConfigurationList;
			buildConfigurations = (
				B77FF8D12D32C51C006F9669 /* Debug */,
				B77FF8D22D32C51C006F9669 /* Release */,
			);
			defaultConfigurationIsVisible = 0;
			defaultConfigurationName = Release;
		};
		B77FF8D32D32C51C006F9669 /* Build configuration list for PBXNativeTarget "SwiftTanks" */ = {
			isa = XCConfigurationList;
			buildConfigurations = (
				B77FF8D42D32C51C006F9669 /* Debug */,
				B77FF8D52D32C51C006F9669 /* Release */,
			);
			defaultConfigurationIsVisible = 0;
			defaultConfigurationName = Release;
		};
		B77FF8D62D32C51C006F9669 /* Build configuration list for PBXNativeTarget "SwiftTanksTests" */ = {
			isa = XCConfigurationList;
			buildConfigurations = (
				B77FF8D72D32C51C006F9669 /* Debug */,
				B77FF8D82D32C51C006F9669 /* Release */,
			);
			defaultConfigurationIsVisible = 0;
			defaultConfigurationName = Release;
		};
		B77FF8D92D32C51C006F9669 /* Build configuration list for PBXNativeTarget "SwiftTanksUITests" */ = {
			isa = XCConfigurationList;
			buildConfigurations = (
				B77FF8DA2D32C51C006F9669 /* Debug */,
				B77FF8DB2D32C51C006F9669 /* Release */,
			);
			defaultConfigurationIsVisible = 0;
			defaultConfigurationName = Release;
		};
/* End XCConfigurationList section */
	};
	rootObject = B77FF8A72D32C51B006F9669 /* Project object */;
}
